// !$*UTF8*$!
{
	archiveVersion = 1;
	classes = {
	};
	objectVersion = 46;
	objects = {

/* Begin PBXBuildFile section */
		960359931D347E0F00901622 /* GridProtocol.swift in Sources */ = {isa = PBXBuildFile; fileRef = 960359921D347E0F00901622 /* GridProtocol.swift */; };
		960359951D347F7200901622 /* EngineDelegateProtocol.swift in Sources */ = {isa = PBXBuildFile; fileRef = 960359941D347F7200901622 /* EngineDelegateProtocol.swift */; };
		960359971D347FD500901622 /* EngineProtocol.swift in Sources */ = {isa = PBXBuildFile; fileRef = 960359961D347FD500901622 /* EngineProtocol.swift */; };
		960359991D34827700901622 /* StandardEngine.swift in Sources */ = {isa = PBXBuildFile; fileRef = 960359981D34827700901622 /* StandardEngine.swift */; };
		9612D4C91D3324BB00D30415 /* AppDelegate.swift in Sources */ = {isa = PBXBuildFile; fileRef = 9612D4C81D3324BB00D30415 /* AppDelegate.swift */; };
		9612D4CB1D3324BB00D30415 /* InstrumentationViewController.swift in Sources */ = {isa = PBXBuildFile; fileRef = 9612D4CA1D3324BB00D30415 /* InstrumentationViewController.swift */; };
		9612D4CD1D3324BB00D30415 /* SimulationViewController.swift in Sources */ = {isa = PBXBuildFile; fileRef = 9612D4CC1D3324BB00D30415 /* SimulationViewController.swift */; };
		9612D4D01D3324BB00D30415 /* Main.storyboard in Resources */ = {isa = PBXBuildFile; fileRef = 9612D4CE1D3324BB00D30415 /* Main.storyboard */; };
		9612D4D21D3324BB00D30415 /* Assets.xcassets in Resources */ = {isa = PBXBuildFile; fileRef = 9612D4D11D3324BB00D30415 /* Assets.xcassets */; };
		9612D4D51D3324BB00D30415 /* LaunchScreen.storyboard in Resources */ = {isa = PBXBuildFile; fileRef = 9612D4D31D3324BB00D30415 /* LaunchScreen.storyboard */; };
		9612D4DD1D3337D500D30415 /* StatisticsViewController.swift in Sources */ = {isa = PBXBuildFile; fileRef = 9612D4DC1D3337D500D30415 /* StatisticsViewController.swift */; };
		9612D4DF1D3356F400D30415 /* GridView.swift in Sources */ = {isa = PBXBuildFile; fileRef = 9612D4DE1D3356F400D30415 /* GridView.swift */; };
		9612D4E11D335A7600D30415 /* CellState.swift in Sources */ = {isa = PBXBuildFile; fileRef = 9612D4E01D335A7600D30415 /* CellState.swift */; };
/* End PBXBuildFile section */

/* Begin PBXFileReference section */
		960359921D347E0F00901622 /* GridProtocol.swift */ = {isa = PBXFileReference; fileEncoding = 4; lastKnownFileType = sourcecode.swift; path = GridProtocol.swift; sourceTree = "<group>"; };
		960359941D347F7200901622 /* EngineDelegateProtocol.swift */ = {isa = PBXFileReference; fileEncoding = 4; lastKnownFileType = sourcecode.swift; path = EngineDelegateProtocol.swift; sourceTree = "<group>"; };
		960359961D347FD500901622 /* EngineProtocol.swift */ = {isa = PBXFileReference; fileEncoding = 4; lastKnownFileType = sourcecode.swift; path = EngineProtocol.swift; sourceTree = "<group>"; };
		960359981D34827700901622 /* StandardEngine.swift */ = {isa = PBXFileReference; fileEncoding = 4; lastKnownFileType = sourcecode.swift; path = StandardEngine.swift; sourceTree = "<group>"; };
		9612D4C51D3324BB00D30415 /* Assignment4.app */ = {isa = PBXFileReference; explicitFileType = wrapper.application; includeInIndex = 0; path = Assignment4.app; sourceTree = BUILT_PRODUCTS_DIR; };
		9612D4C81D3324BB00D30415 /* AppDelegate.swift */ = {isa = PBXFileReference; lastKnownFileType = sourcecode.swift; path = AppDelegate.swift; sourceTree = "<group>"; };
		9612D4CA1D3324BB00D30415 /* InstrumentationViewController.swift */ = {isa = PBXFileReference; lastKnownFileType = sourcecode.swift; path = InstrumentationViewController.swift; sourceTree = "<group>"; };
		9612D4CC1D3324BB00D30415 /* SimulationViewController.swift */ = {isa = PBXFileReference; lastKnownFileType = sourcecode.swift; path = SimulationViewController.swift; sourceTree = "<group>"; };
		9612D4CF1D3324BB00D30415 /* Base */ = {isa = PBXFileReference; lastKnownFileType = file.storyboard; name = Base; path = Base.lproj/Main.storyboard; sourceTree = "<group>"; };
		9612D4D11D3324BB00D30415 /* Assets.xcassets */ = {isa = PBXFileReference; lastKnownFileType = folder.assetcatalog; path = Assets.xcassets; sourceTree = "<group>"; };
		9612D4D41D3324BB00D30415 /* Base */ = {isa = PBXFileReference; lastKnownFileType = file.storyboard; name = Base; path = Base.lproj/LaunchScreen.storyboard; sourceTree = "<group>"; };
		9612D4D61D3324BB00D30415 /* Info.plist */ = {isa = PBXFileReference; lastKnownFileType = text.plist.xml; path = Info.plist; sourceTree = "<group>"; };
		9612D4DC1D3337D500D30415 /* StatisticsViewController.swift */ = {isa = PBXFileReference; fileEncoding = 4; lastKnownFileType = sourcecode.swift; path = StatisticsViewController.swift; sourceTree = "<group>"; };
		9612D4DE1D3356F400D30415 /* GridView.swift */ = {isa = PBXFileReference; fileEncoding = 4; lastKnownFileType = sourcecode.swift; path = GridView.swift; sourceTree = "<group>"; };
		9612D4E01D335A7600D30415 /* CellState.swift */ = {isa = PBXFileReference; fileEncoding = 4; lastKnownFileType = sourcecode.swift; path = CellState.swift; sourceTree = "<group>"; };
/* End PBXFileReference section */

/* Begin PBXFrameworksBuildPhase section */
		9612D4C21D3324BB00D30415 /* Frameworks */ = {
			isa = PBXFrameworksBuildPhase;
			buildActionMask = 2147483647;
			files = (
			);
			runOnlyForDeploymentPostprocessing = 0;
		};
/* End PBXFrameworksBuildPhase section */

/* Begin PBXGroup section */
		9612D4BC1D3324BB00D30415 = {
			isa = PBXGroup;
			children = (
				9612D4C71D3324BB00D30415 /* Assignment4 */,
				9612D4C61D3324BB00D30415 /* Products */,
			);
			sourceTree = "<group>";
		};
		9612D4C61D3324BB00D30415 /* Products */ = {
			isa = PBXGroup;
			children = (
				9612D4C51D3324BB00D30415 /* Assignment4.app */,
			);
			name = Products;
			sourceTree = "<group>";
		};
		9612D4C71D3324BB00D30415 /* Assignment4 */ = {
			isa = PBXGroup;
			children = (
				9612D4C81D3324BB00D30415 /* AppDelegate.swift */,
				9612D4CA1D3324BB00D30415 /* InstrumentationViewController.swift */,
				9612D4CC1D3324BB00D30415 /* SimulationViewController.swift */,
				9612D4DC1D3337D500D30415 /* StatisticsViewController.swift */,
				9612D4CE1D3324BB00D30415 /* Main.storyboard */,
				960359921D347E0F00901622 /* GridProtocol.swift */,
				960359941D347F7200901622 /* EngineDelegateProtocol.swift */,
				960359961D347FD500901622 /* EngineProtocol.swift */,
				960359981D34827700901622 /* StandardEngine.swift */,
				9612D4DE1D3356F400D30415 /* GridView.swift */,
				9612D4E01D335A7600D30415 /* CellState.swift */,
				9612D4D11D3324BB00D30415 /* Assets.xcassets */,
				9612D4D31D3324BB00D30415 /* LaunchScreen.storyboard */,
				9612D4D61D3324BB00D30415 /* Info.plist */,
			);
			path = Assignment4;
			sourceTree = "<group>";
		};
/* End PBXGroup section */

/* Begin PBXNativeTarget section */
		9612D4C41D3324BB00D30415 /* Assignment4 */ = {
			isa = PBXNativeTarget;
			buildConfigurationList = 9612D4D91D3324BB00D30415 /* Build configuration list for PBXNativeTarget "Assignment4" */;
			buildPhases = (
				9612D4C11D3324BB00D30415 /* Sources */,
				9612D4C21D3324BB00D30415 /* Frameworks */,
				9612D4C31D3324BB00D30415 /* Resources */,
			);
			buildRules = (
			);
			dependencies = (
			);
			name = Assignment4;
			productName = Assignment4;
			productReference = 9612D4C51D3324BB00D30415 /* Assignment4.app */;
			productType = "com.apple.product-type.application";
		};
/* End PBXNativeTarget section */

/* Begin PBXProject section */
		9612D4BD1D3324BB00D30415 /* Project object */ = {
			isa = PBXProject;
			attributes = {
				LastSwiftUpdateCheck = 0730;
				LastUpgradeCheck = 0730;
				ORGANIZATIONNAME = "Joanne Huang";
				TargetAttributes = {
					9612D4C41D3324BB00D30415 = {
						CreatedOnToolsVersion = 7.3.1;
					};
				};
			};
			buildConfigurationList = 9612D4C01D3324BB00D30415 /* Build configuration list for PBXProject "Assignment4" */;
			compatibilityVersion = "Xcode 3.2";
			developmentRegion = English;
			hasScannedForEncodings = 0;
			knownRegions = (
				en,
				Base,
			);
			mainGroup = 9612D4BC1D3324BB00D30415;
			productRefGroup = 9612D4C61D3324BB00D30415 /* Products */;
			projectDirPath = "";
			projectRoot = "";
			targets = (
				9612D4C41D3324BB00D30415 /* Assignment4 */,
			);
		};
/* End PBXProject section */

/* Begin PBXResourcesBuildPhase section */
		9612D4C31D3324BB00D30415 /* Resources */ = {
			isa = PBXResourcesBuildPhase;
			buildActionMask = 2147483647;
			files = (
				9612D4D51D3324BB00D30415 /* LaunchScreen.storyboard in Resources */,
				9612D4D21D3324BB00D30415 /* Assets.xcassets in Resources */,
				9612D4D01D3324BB00D30415 /* Main.storyboard in Resources */,
			);
			runOnlyForDeploymentPostprocessing = 0;
		};
/* End PBXResourcesBuildPhase section */

/* Begin PBXSourcesBuildPhase section */
		9612D4C11D3324BB00D30415 /* Sources */ = {
			isa = PBXSourcesBuildPhase;
			buildActionMask = 2147483647;
			files = (
				9612D4CD1D3324BB00D30415 /* SimulationViewController.swift in Sources */,
				9612D4E11D335A7600D30415 /* CellState.swift in Sources */,
				960359951D347F7200901622 /* EngineDelegateProtocol.swift in Sources */,
				9612D4C91D3324BB00D30415 /* AppDelegate.swift in Sources */,
				960359991D34827700901622 /* StandardEngine.swift in Sources */,
				9612D4CB1D3324BB00D30415 /* InstrumentationViewController.swift in Sources */,
				9612D4DF1D3356F400D30415 /* GridView.swift in Sources */,
				9612D4DD1D3337D500D30415 /* StatisticsViewController.swift in Sources */,
				960359931D347E0F00901622 /* GridProtocol.swift in Sources */,
				960359971D347FD500901622 /* EngineProtocol.swift in Sources */,
			);
			runOnlyForDeploymentPostprocessing = 0;
		};
/* End PBXSourcesBuildPhase section */

/* Begin PBXVariantGroup section */
		9612D4CE1D3324BB00D30415 /* Main.storyboard */ = {
			isa = PBXVariantGroup;
			children = (
				9612D4CF1D3324BB00D30415 /* Base */,
			);
			name = Main.storyboard;
			sourceTree = "<group>";
		};
		9612D4D31D3324BB00D30415 /* LaunchScreen.storyboard */ = {
			isa = PBXVariantGroup;
			children = (
				9612D4D41D3324BB00D30415 /* Base */,
			);
			name = LaunchScreen.storyboard;
			sourceTree = "<group>";
		};
/* End PBXVariantGroup section */

/* Begin XCBuildConfiguration section */
		9612D4D71D3324BB00D30415 /* Debug */ = {
			isa = XCBuildConfiguration;
			buildSettings = {
				ALWAYS_SEARCH_USER_PATHS = NO;
				CLANG_ANALYZER_NONNULL = YES;
				CLANG_CXX_LANGUAGE_STANDARD = "gnu++0x";
				CLANG_CXX_LIBRARY = "libc++";
				CLANG_ENABLE_MODULES = YES;
				CLANG_ENABLE_OBJC_ARC = YES;
				CLANG_WARN_BOOL_CONVERSION = YES;
				CLANG_WARN_CONSTANT_CONVERSION = YES;
				CLANG_WARN_DIRECT_OBJC_ISA_USAGE = YES_ERROR;
				CLANG_WARN_EMPTY_BODY = YES;
				CLANG_WARN_ENUM_CONVERSION = YES;
				CLANG_WARN_INT_CONVERSION = YES;
				CLANG_WARN_OBJC_ROOT_CLASS = YES_ERROR;
				CLANG_WARN_UNREACHABLE_CODE = YES;
				CLANG_WARN__DUPLICATE_METHOD_MATCH = YES;
				"CODE_SIGN_IDENTITY[sdk=iphoneos*]" = "iPhone Developer";
				COPY_PHASE_STRIP = NO;
				DEBUG_INFORMATION_FORMAT = dwarf;
				ENABLE_STRICT_OBJC_MSGSEND = YES;
				ENABLE_TESTABILITY = YES;
				GCC_C_LANGUAGE_STANDARD = gnu99;
				GCC_DYNAMIC_NO_PIC = NO;
				GCC_NO_COMMON_BLOCKS = YES;
				GCC_OPTIMIZATION_LEVEL = 0;
				GCC_PREPROCESSOR_DEFINITIONS = (
					"DEBUG=1",
					"$(inherited)",
				);
				GCC_WARN_64_TO_32_BIT_CONVERSION = YES;
				GCC_WARN_ABOUT_RETURN_TYPE = YES_ERROR;
				GCC_WARN_UNDECLARED_SELECTOR = YES;
				GCC_WARN_UNINITIALIZED_AUTOS = YES_AGGRESSIVE;
				GCC_WARN_UNUSED_FUNCTION = YES;
				GCC_WARN_UNUSED_VARIABLE = YES;
				IPHONEOS_DEPLOYMENT_TARGET = 9.3;
				MTL_ENABLE_DEBUG_INFO = YES;
				ONLY_ACTIVE_ARCH = YES;
				SDKROOT = iphoneos;
				SWIFT_OPTIMIZATION_LEVEL = "-Onone";
				TARGETED_DEVICE_FAMILY = "1,2";
			};
			name = Debug;
		};
		9612D4D81D3324BB00D30415 /* Release */ = {
			isa = XCBuildConfiguration;
			buildSettings = {
				ALWAYS_SEARCH_USER_PATHS = NO;
				CLANG_ANALYZER_NONNULL = YES;
				CLANG_CXX_LANGUAGE_STANDARD = "gnu++0x";
				CLANG_CXX_LIBRARY = "libc++";
				CLANG_ENABLE_MODULES = YES;
				CLANG_ENABLE_OBJC_ARC = YES;
				CLANG_WARN_BOOL_CONVERSION = YES;
				CLANG_WARN_CONSTANT_CONVERSION = YES;
				CLANG_WARN_DIRECT_OBJC_ISA_USAGE = YES_ERROR;
				CLANG_WARN_EMPTY_BODY = YES;
				CLANG_WARN_ENUM_CONVERSION = YES;
				CLANG_WARN_INT_CONVERSION = YES;
				CLANG_WARN_OBJC_ROOT_CLASS = YES_ERROR;
				CLANG_WARN_UNREACHABLE_CODE = YES;
				CLANG_WARN__DUPLICATE_METHOD_MATCH = YES;
				"CODE_SIGN_IDENTITY[sdk=iphoneos*]" = "iPhone Developer";
				COPY_PHASE_STRIP = NO;
				DEBUG_INFORMATION_FORMAT = "dwarf-with-dsym";
				ENABLE_NS_ASSERTIONS = NO;
				ENABLE_STRICT_OBJC_MSGSEND = YES;
				GCC_C_LANGUAGE_STANDARD = gnu99;
				GCC_NO_COMMON_BLOCKS = YES;
				GCC_WARN_64_TO_32_BIT_CONVERSION = YES;
				GCC_WARN_ABOUT_RETURN_TYPE = YES_ERROR;
				GCC_WARN_UNDECLARED_SELECTOR = YES;
				GCC_WARN_UNINITIALIZED_AUTOS = YES_AGGRESSIVE;
				GCC_WARN_UNUSED_FUNCTION = YES;
				GCC_WARN_UNUSED_VARIABLE = YES;
				IPHONEOS_DEPLOYMENT_TARGET = 9.3;
				MTL_ENABLE_DEBUG_INFO = NO;
				SDKROOT = iphoneos;
				TARGETED_DEVICE_FAMILY = "1,2";
				VALIDATE_PRODUCT = YES;
			};
			name = Release;
		};
		9612D4DA1D3324BB00D30415 /* Debug */ = {
			isa = XCBuildConfiguration;
			buildSettings = {
				INFOPLIST_FILE = Assignment4/Info.plist;
				LD_RUNPATH_SEARCH_PATHS = "$(inherited) @executable_path/Frameworks";
				PRODUCT_BUNDLE_IDENTIFIER = Harvard.Assignment4;
				PRODUCT_NAME = "$(TARGET_NAME)";
			};
			name = Debug;
		};
		9612D4DB1D3324BB00D30415 /* Release */ = {
			isa = XCBuildConfiguration;
			buildSettings = {
				INFOPLIST_FILE = Assignment4/Info.plist;
				LD_RUNPATH_SEARCH_PATHS = "$(inherited) @executable_path/Frameworks";
				PRODUCT_BUNDLE_IDENTIFIER = Harvard.Assignment4;
				PRODUCT_NAME = "$(TARGET_NAME)";
			};
			name = Release;
		};
/* End XCBuildConfiguration section */

/* Begin XCConfigurationList section */
		9612D4C01D3324BB00D30415 /* Build configuration list for PBXProject "Assignment4" */ = {
			isa = XCConfigurationList;
			buildConfigurations = (
				9612D4D71D3324BB00D30415 /* Debug */,
				9612D4D81D3324BB00D30415 /* Release */,
			);
			defaultConfigurationIsVisible = 0;
			defaultConfigurationName = Release;
		};
		9612D4D91D3324BB00D30415 /* Build configuration list for PBXNativeTarget "Assignment4" */ = {
			isa = XCConfigurationList;
			buildConfigurations = (
				9612D4DA1D3324BB00D30415 /* Debug */,
				9612D4DB1D3324BB00D30415 /* Release */,
			);
			defaultConfigurationIsVisible = 0;
			defaultConfigurationName = Release;
		};
/* End XCConfigurationList section */
	};
	rootObject = 9612D4BD1D3324BB00D30415 /* Project object */;
}
